
Microsoft Visual Studio Solution File, Format Version 12.00
# Visual Studio Version 17
VisualStudioVersion = 17.0.32112.339
MinimumVisualStudioVersion = 10.0.40219.1
Project("{2150E333-8FDC-42A3-9474-1A3956D46DE8}") = "src", "src", "{2CB50061-FDD6-453F-BF33-7A42950BD724}"
EndProject
Project("{2150E333-8FDC-42A3-9474-1A3956D46DE8}") = "building blocks", "building blocks", "{195EBC82-18B3-448E-98A5-4989098F9F5B}"
EndProject
Project("{2150E333-8FDC-42A3-9474-1A3956D46DE8}") = "web", "web", "{A4612B56-094F-4F29-913A-C079DE126956}"
EndProject
Project("{2150E333-8FDC-42A3-9474-1A3956D46DE8}") = "services", "services", "{FAAA1FBF-86EC-44C1-B46B-A29BBAC8C34A}"
EndProject
Project("{2150E333-8FDC-42A3-9474-1A3956D46DE8}") = "Identidade", "Identidade", "{F941199C-0C5F-4772-91A1-E2FF4F754BA9}"
EndProject
Project("{FAE04EC0-301F-11D3-BF4B-00C04F79EFBC}") = "NerdStore.Identidade.API", "src\services\NerdStore.Identidade.API\NerdStore.Identidade.API.csproj", "{EF9BEACE-327B-4580-89A1-DB4331AD9BE2}"
EndProject
Project("{2150E333-8FDC-42A3-9474-1A3956D46DE8}") = "MVC", "MVC", "{F73162AE-6F00-4D26-89E3-1952344D8723}"
EndProject
Project("{FAE04EC0-301F-11D3-BF4B-00C04F79EFBC}") = "NerdStore.WebApp.MVC", "src\web\NerdStore.WebApp.MVC\NerdStore.WebApp.MVC.csproj", "{F3E33C51-80B5-4567-9BD5-A69C27010EE1}"
EndProject
Project("{2150E333-8FDC-42A3-9474-1A3956D46DE8}") = "Core", "Core", "{11A8966D-0F44-4C14-AA97-253FAA715CD1}"
EndProject
Project("{FAE04EC0-301F-11D3-BF4B-00C04F79EFBC}") = "NerdStore.Core", "src\building blocks\NerdStore.Core\NerdStore.Core.csproj", "{B36F1796-9A64-4A6D-A6A8-D160A5CA5F34}"
EndProject
Global
	GlobalSection(SolutionConfigurationPlatforms) = preSolution
		Debug|Any CPU = Debug|Any CPU
		Release|Any CPU = Release|Any CPU
	EndGlobalSection
	GlobalSection(ProjectConfigurationPlatforms) = postSolution
		{EF9BEACE-327B-4580-89A1-DB4331AD9BE2}.Debug|Any CPU.ActiveCfg = Debug|Any CPU
		{EF9BEACE-327B-4580-89A1-DB4331AD9BE2}.Debug|Any CPU.Build.0 = Debug|Any CPU
		{EF9BEACE-327B-4580-89A1-DB4331AD9BE2}.Release|Any CPU.ActiveCfg = Release|Any CPU
		{EF9BEACE-327B-4580-89A1-DB4331AD9BE2}.Release|Any CPU.Build.0 = Release|Any CPU
		{F3E33C51-80B5-4567-9BD5-A69C27010EE1}.Debug|Any CPU.ActiveCfg = Debug|Any CPU
		{F3E33C51-80B5-4567-9BD5-A69C27010EE1}.Debug|Any CPU.Build.0 = Debug|Any CPU
		{F3E33C51-80B5-4567-9BD5-A69C27010EE1}.Release|Any CPU.ActiveCfg = Release|Any CPU
		{F3E33C51-80B5-4567-9BD5-A69C27010EE1}.Release|Any CPU.Build.0 = Release|Any CPU
		{B36F1796-9A64-4A6D-A6A8-D160A5CA5F34}.Debug|Any CPU.ActiveCfg = Debug|Any CPU
		{B36F1796-9A64-4A6D-A6A8-D160A5CA5F34}.Debug|Any CPU.Build.0 = Debug|Any CPU
		{B36F1796-9A64-4A6D-A6A8-D160A5CA5F34}.Release|Any CPU.ActiveCfg = Release|Any CPU
		{B36F1796-9A64-4A6D-A6A8-D160A5CA5F34}.Release|Any CPU.Build.0 = Release|Any CPU
	EndGlobalSection
	GlobalSection(SolutionProperties) = preSolution
		HideSolutionNode = FALSE
	EndGlobalSection
	GlobalSection(NestedProjects) = preSolution
		{195EBC82-18B3-448E-98A5-4989098F9F5B} = {2CB50061-FDD6-453F-BF33-7A42950BD724}
		{A4612B56-094F-4F29-913A-C079DE126956} = {2CB50061-FDD6-453F-BF33-7A42950BD724}
		{FAAA1FBF-86EC-44C1-B46B-A29BBAC8C34A} = {2CB50061-FDD6-453F-BF33-7A42950BD724}
		{F941199C-0C5F-4772-91A1-E2FF4F754BA9} = {FAAA1FBF-86EC-44C1-B46B-A29BBAC8C34A}
		{EF9BEACE-327B-4580-89A1-DB4331AD9BE2} = {F941199C-0C5F-4772-91A1-E2FF4F754BA9}
		{F73162AE-6F00-4D26-89E3-1952344D8723} = {A4612B56-094F-4F29-913A-C079DE126956}
		{F3E33C51-80B5-4567-9BD5-A69C27010EE1} = {F73162AE-6F00-4D26-89E3-1952344D8723}
		{11A8966D-0F44-4C14-AA97-253FAA715CD1} = {195EBC82-18B3-448E-98A5-4989098F9F5B}
		{B36F1796-9A64-4A6D-A6A8-D160A5CA5F34} = {11A8966D-0F44-4C14-AA97-253FAA715CD1}
	EndGlobalSection
	GlobalSection(ExtensibilityGlobals) = postSolution
		SolutionGuid = {17DFA150-ECE6-4776-BFB7-005E30956B80}
	EndGlobalSection
EndGlobal
